
Microsoft Visual Studio Solution File, Format Version 12.00
# Visual Studio Version 17
VisualStudioVersion = 17.10.34916.146
MinimumVisualStudioVersion = 10.0.40219.1
Project("{9A19103F-16F7-4668-BE54-9A1E7A4F7556}") = "MDComposer", "MDComposer\MDComposer.csproj", "{DEF969BA-3579-4DA1-BCD0-7A03C56CED71}"
EndProject
Project("{2150E333-8FDC-42A3-9474-1A3956D46DE8}") = "_common", "_common", "{2BE4A662-8B01-44A0-9805-1559B983CF39}"
	ProjectSection(SolutionItems) = preProject
		..\.editorconfig = ..\.editorconfig
		common\delta.snk = common\delta.snk
		..\README.md = ..\README.md
	EndProjectSection
EndProject
Global
	GlobalSection(SolutionConfigurationPlatforms) = preSolution
		Debug|Any CPU = Debug|Any CPU
		Release|Any CPU = Release|Any CPU
	EndGlobalSection
	GlobalSection(ProjectConfigurationPlatforms) = postSolution
		{DEF969BA-3579-4DA1-BCD0-7A03C56CED71}.Debug|Any CPU.ActiveCfg = Debug|Any CPU
		{DEF969BA-3579-4DA1-BCD0-7A03C56CED71}.Debug|Any CPU.Build.0 = Debug|Any CPU
		{DEF969BA-3579-4DA1-BCD0-7A03C56CED71}.Release|Any CPU.ActiveCfg = Release|Any CPU
		{DEF969BA-3579-4DA1-BCD0-7A03C56CED71}.Release|Any CPU.Build.0 = Release|Any CPU
	EndGlobalSection
	GlobalSection(SolutionProperties) = preSolution
		HideSolutionNode = FALSE
	EndGlobalSection
	GlobalSection(ExtensibilityGlobals) = postSolution
		SolutionGuid = {A4D8B99C-673A-4382-B962-F62C3B5D2FC9}
	EndGlobalSection
EndGlobal
