
Microsoft Visual Studio Solution File, Format Version 12.00
# Visual Studio Version 17
VisualStudioVersion = 17.10.34916.146
MinimumVisualStudioVersion = 10.0.40219.1
Project("{9A19103F-16F7-4668-BE54-9A1E7A4F7556}") = "MDComposer", "MDComposer\MDComposer.csproj", "{DEF969BA-3579-4DA1-BCD0-7A03C56CED71}"
EndProject
Project("{2150E333-8FDC-42A3-9474-1A3956D46DE8}") = "_common", "_common", "{2BE4A662-8B01-44A0-9805-1559B983CF39}"
	ProjectSection(SolutionItems) = preProject
		..\.editorconfig = ..\.editorconfig
		common\delta.snk = common\delta.snk
		Directory.Build.props = Directory.Build.props
		common\icon.ico = common\icon.ico
		common\icon.png = common\icon.png
		common\icon.svg = common\icon.svg
		..\README.md = ..\README.md
	EndProjectSection
EndProject
Project("{9A19103F-16F7-4668-BE54-9A1E7A4F7556}") = "Delta.MDComposer", "Delta.MDComposer\Delta.MDComposer.csproj", "{2EE8A74A-74C4-4A47-9335-C832B6A07A0E}"
EndProject
Project("{2150E333-8FDC-42A3-9474-1A3956D46DE8}") = "TestData", "TestData", "{6F2C2119-918C-4017-A608-A4947C197150}"
	ProjectSection(SolutionItems) = preProject
		TestData\chapter1.md = TestData\chapter1.md
		TestData\chapter2.md = TestData\chapter2.md
		TestData\project.mdcproj = TestData\project.mdcproj
		TestData\simple.md = TestData\simple.md
	EndProjectSection
EndProject
Project("{2150E333-8FDC-42A3-9474-1A3956D46DE8}") = "QuestPDF.Markdown", "QuestPDF.Markdown", "{3A21C1CD-2C8D-4C2C-9073-2F9BB44A57A1}"
	ProjectSection(SolutionItems) = preProject
		TestData\QuestPDF.Markdown\expected.pdf = TestData\QuestPDF.Markdown\expected.pdf
		TestData\QuestPDF.Markdown\test.md = TestData\QuestPDF.Markdown\test.md
	EndProjectSection
EndProject
Global
	GlobalSection(SolutionConfigurationPlatforms) = preSolution
		Debug|Any CPU = Debug|Any CPU
		Release|Any CPU = Release|Any CPU
	EndGlobalSection
	GlobalSection(ProjectConfigurationPlatforms) = postSolution
		{DEF969BA-3579-4DA1-BCD0-7A03C56CED71}.Debug|Any CPU.ActiveCfg = Debug|Any CPU
		{DEF969BA-3579-4DA1-BCD0-7A03C56CED71}.Debug|Any CPU.Build.0 = Debug|Any CPU
		{DEF969BA-3579-4DA1-BCD0-7A03C56CED71}.Release|Any CPU.ActiveCfg = Release|Any CPU
		{DEF969BA-3579-4DA1-BCD0-7A03C56CED71}.Release|Any CPU.Build.0 = Release|Any CPU
		{2EE8A74A-74C4-4A47-9335-C832B6A07A0E}.Debug|Any CPU.ActiveCfg = Debug|Any CPU
		{2EE8A74A-74C4-4A47-9335-C832B6A07A0E}.Debug|Any CPU.Build.0 = Debug|Any CPU
		{2EE8A74A-74C4-4A47-9335-C832B6A07A0E}.Release|Any CPU.ActiveCfg = Release|Any CPU
		{2EE8A74A-74C4-4A47-9335-C832B6A07A0E}.Release|Any CPU.Build.0 = Release|Any CPU
	EndGlobalSection
	GlobalSection(SolutionProperties) = preSolution
		HideSolutionNode = FALSE
	EndGlobalSection
	GlobalSection(NestedProjects) = preSolution
		{3A21C1CD-2C8D-4C2C-9073-2F9BB44A57A1} = {6F2C2119-918C-4017-A608-A4947C197150}
	EndGlobalSection
	GlobalSection(ExtensibilityGlobals) = postSolution
		SolutionGuid = {A4D8B99C-673A-4382-B962-F62C3B5D2FC9}
	EndGlobalSection
EndGlobal
